// !$*UTF8*$!
{
	archiveVersion = 1;
	classes = {
	};
	objectVersion = 50;
	objects = {

/* Begin PBXBuildFile section */
		8F0E9391260FFE7500B2CD86 /* TrendsApp.swift in Sources */ = {isa = PBXBuildFile; fileRef = 8F0E9390260FFE7500B2CD86 /* TrendsApp.swift */; };
		8F0E9393260FFE7500B2CD86 /* TrendingView.swift in Sources */ = {isa = PBXBuildFile; fileRef = 8F0E9392260FFE7500B2CD86 /* TrendingView.swift */; };
		8F0E9395260FFE7500B2CD86 /* Assets.xcassets in Resources */ = {isa = PBXBuildFile; fileRef = 8F0E9394260FFE7500B2CD86 /* Assets.xcassets */; };
		8F0E9398260FFE7500B2CD86 /* Preview Assets.xcassets in Resources */ = {isa = PBXBuildFile; fileRef = 8F0E9397260FFE7500B2CD86 /* Preview Assets.xcassets */; };
		8F224724261001DD00162223 /* trending.json in Resources */ = {isa = PBXBuildFile; fileRef = 8F224723261001DD00162223 /* trending.json */; };
		8F22472A2610070000162223 /* Location.swift in Sources */ = {isa = PBXBuildFile; fileRef = 8F2247272610070000162223 /* Location.swift */; };
		8F22472B2610070000162223 /* Trend.swift in Sources */ = {isa = PBXBuildFile; fileRef = 8F2247282610070000162223 /* Trend.swift */; };
		8F22472C2610070000162223 /* TrendingItem.swift in Sources */ = {isa = PBXBuildFile; fileRef = 8F2247292610070000162223 /* TrendingItem.swift */; };
		8F22473026100A0100162223 /* TrendFetcher.swift in Sources */ = {isa = PBXBuildFile; fileRef = 8F22472F26100A0100162223 /* TrendFetcher.swift */; };
		8F36CD6E2610EA5A0015C392 /* locations.json in Resources */ = {isa = PBXBuildFile; fileRef = 8F36CD6D2610EA5A0015C392 /* locations.json */; };
		8F36CD712610EB480015C392 /* TrendingLocation.swift in Sources */ = {isa = PBXBuildFile; fileRef = 8F36CD6F2610EB480015C392 /* TrendingLocation.swift */; };
		8F36CD722610EB480015C392 /* PlaceType.swift in Sources */ = {isa = PBXBuildFile; fileRef = 8F36CD702610EB480015C392 /* PlaceType.swift */; };
		8F36CD77261105D80015C392 /* FilterTrends.swift in Sources */ = {isa = PBXBuildFile; fileRef = 8F36CD76261105D80015C392 /* FilterTrends.swift */; };
		8F8F28EE261AB05700541127 /* SwifteriOS.framework in Frameworks */ = {isa = PBXBuildFile; fileRef = 8F8F28E2261AB05000541127 /* SwifteriOS.framework */; };
		8F8F28EF261AB05700541127 /* SwifteriOS.framework in Embed Frameworks */ = {isa = PBXBuildFile; fileRef = 8F8F28E2261AB05000541127 /* SwifteriOS.framework */; settings = {ATTRIBUTES = (CodeSignOnCopy, RemoveHeadersOnCopy, ); }; };
		8F8F28F1261AB09700541127 /* Storage.swift in Sources */ = {isa = PBXBuildFile; fileRef = 8F8F28F0261AB09700541127 /* Storage.swift */; };
		8FB7CECE26224DE000422A0F /* DateFormatter+Short.swift in Sources */ = {isa = PBXBuildFile; fileRef = 8FB7CECD26224DE000422A0F /* DateFormatter+Short.swift */; };
/* End PBXBuildFile section */

/* Begin PBXContainerItemProxy section */
		8F8F28E1261AB05000541127 /* PBXContainerItemProxy */ = {
			isa = PBXContainerItemProxy;
			containerPortal = 8F8F28D9261AB05000541127 /* Swifter.xcodeproj */;
			proxyType = 2;
			remoteGlobalIDString = 8B9F50EE1944A5AB00894629;
			remoteInfo = SwifteriOS;
		};
		8F8F28E3261AB05000541127 /* PBXContainerItemProxy */ = {
			isa = PBXContainerItemProxy;
			containerPortal = 8F8F28D9261AB05000541127 /* Swifter.xcodeproj */;
			proxyType = 2;
			remoteGlobalIDString = 8B9F51131944A61D00894629;
			remoteInfo = SwifterMac;
		};
		8F8F28E5261AB05000541127 /* PBXContainerItemProxy */ = {
			isa = PBXContainerItemProxy;
			containerPortal = 8F8F28D9261AB05000541127 /* Swifter.xcodeproj */;
			proxyType = 2;
			remoteGlobalIDString = 8B300C1F1944AA1A00993175;
			remoteInfo = SwifterDemoiOS;
		};
		8F8F28E7261AB05000541127 /* PBXContainerItemProxy */ = {
			isa = PBXContainerItemProxy;
			containerPortal = 8F8F28D9261AB05000541127 /* Swifter.xcodeproj */;
			proxyType = 2;
			remoteGlobalIDString = 8B300C471944AECB00993175;
			remoteInfo = SwifterDemoMac;
		};
		8F8F28E9261AB05000541127 /* PBXContainerItemProxy */ = {
			isa = PBXContainerItemProxy;
			containerPortal = 8F8F28D9261AB05000541127 /* Swifter.xcodeproj */;
			proxyType = 2;
			remoteGlobalIDString = F6B4D5751C7BAC4500E06514;
			remoteInfo = SwifterTests;
		};
/* End PBXContainerItemProxy section */

/* Begin PBXCopyFilesBuildPhase section */
		8F36CD552610DA780015C392 /* Embed Frameworks */ = {
			isa = PBXCopyFilesBuildPhase;
			buildActionMask = 2147483647;
			dstPath = "";
			dstSubfolderSpec = 10;
			files = (
				8F8F28EF261AB05700541127 /* SwifteriOS.framework in Embed Frameworks */,
			);
			name = "Embed Frameworks";
			runOnlyForDeploymentPostprocessing = 0;
		};
/* End PBXCopyFilesBuildPhase section */

/* Begin PBXFileReference section */
		8F0E938D260FFE7500B2CD86 /* Trends.app */ = {isa = PBXFileReference; explicitFileType = wrapper.application; includeInIndex = 0; path = Trends.app; sourceTree = BUILT_PRODUCTS_DIR; };
		8F0E9390260FFE7500B2CD86 /* TrendsApp.swift */ = {isa = PBXFileReference; lastKnownFileType = sourcecode.swift; path = TrendsApp.swift; sourceTree = "<group>"; };
		8F0E9392260FFE7500B2CD86 /* TrendingView.swift */ = {isa = PBXFileReference; lastKnownFileType = sourcecode.swift; path = TrendingView.swift; sourceTree = "<group>"; };
		8F0E9394260FFE7500B2CD86 /* Assets.xcassets */ = {isa = PBXFileReference; lastKnownFileType = folder.assetcatalog; path = Assets.xcassets; sourceTree = "<group>"; };
		8F0E9397260FFE7500B2CD86 /* Preview Assets.xcassets */ = {isa = PBXFileReference; lastKnownFileType = folder.assetcatalog; path = "Preview Assets.xcassets"; sourceTree = "<group>"; };
		8F0E9399260FFE7500B2CD86 /* Info.plist */ = {isa = PBXFileReference; lastKnownFileType = text.plist.xml; path = Info.plist; sourceTree = "<group>"; };
		8F224723261001DD00162223 /* trending.json */ = {isa = PBXFileReference; fileEncoding = 4; lastKnownFileType = text.json; path = trending.json; sourceTree = "<group>"; };
		8F2247272610070000162223 /* Location.swift */ = {isa = PBXFileReference; fileEncoding = 4; lastKnownFileType = sourcecode.swift; path = Location.swift; sourceTree = "<group>"; };
		8F2247282610070000162223 /* Trend.swift */ = {isa = PBXFileReference; fileEncoding = 4; lastKnownFileType = sourcecode.swift; path = Trend.swift; sourceTree = "<group>"; };
		8F2247292610070000162223 /* TrendingItem.swift */ = {isa = PBXFileReference; fileEncoding = 4; lastKnownFileType = sourcecode.swift; path = TrendingItem.swift; sourceTree = "<group>"; };
		8F22472F26100A0100162223 /* TrendFetcher.swift */ = {isa = PBXFileReference; lastKnownFileType = sourcecode.swift; path = TrendFetcher.swift; sourceTree = "<group>"; };
		8F36CD6D2610EA5A0015C392 /* locations.json */ = {isa = PBXFileReference; fileEncoding = 4; lastKnownFileType = text.json; path = locations.json; sourceTree = "<group>"; };
		8F36CD6F2610EB480015C392 /* TrendingLocation.swift */ = {isa = PBXFileReference; fileEncoding = 4; lastKnownFileType = sourcecode.swift; path = TrendingLocation.swift; sourceTree = "<group>"; };
		8F36CD702610EB480015C392 /* PlaceType.swift */ = {isa = PBXFileReference; fileEncoding = 4; lastKnownFileType = sourcecode.swift; path = PlaceType.swift; sourceTree = "<group>"; };
		8F36CD76261105D80015C392 /* FilterTrends.swift */ = {isa = PBXFileReference; lastKnownFileType = sourcecode.swift; path = FilterTrends.swift; sourceTree = "<group>"; };
		8F8F28D9261AB05000541127 /* Swifter.xcodeproj */ = {isa = PBXFileReference; lastKnownFileType = "wrapper.pb-project"; name = Swifter.xcodeproj; path = "../Swifter-supportRawData/Swifter.xcodeproj"; sourceTree = "<group>"; };
		8F8F28F0261AB09700541127 /* Storage.swift */ = {isa = PBXFileReference; lastKnownFileType = sourcecode.swift; path = Storage.swift; sourceTree = "<group>"; };
		8FB7CECD26224DE000422A0F /* DateFormatter+Short.swift */ = {isa = PBXFileReference; lastKnownFileType = sourcecode.swift; path = "DateFormatter+Short.swift"; sourceTree = "<group>"; };
/* End PBXFileReference section */

/* Begin PBXFrameworksBuildPhase section */
		8F0E938A260FFE7500B2CD86 /* Frameworks */ = {
			isa = PBXFrameworksBuildPhase;
			buildActionMask = 2147483647;
			files = (
				8F8F28EE261AB05700541127 /* SwifteriOS.framework in Frameworks */,
			);
			runOnlyForDeploymentPostprocessing = 0;
		};
/* End PBXFrameworksBuildPhase section */

/* Begin PBXGroup section */
		8F0E9384260FFE7500B2CD86 = {
			isa = PBXGroup;
			children = (
				8F8F28D9261AB05000541127 /* Swifter.xcodeproj */,
				8F0E938F260FFE7500B2CD86 /* Trends */,
				8F0E938E260FFE7500B2CD86 /* Products */,
				8F36CD522610DA780015C392 /* Frameworks */,
			);
			sourceTree = "<group>";
		};
		8F0E938E260FFE7500B2CD86 /* Products */ = {
			isa = PBXGroup;
			children = (
				8F0E938D260FFE7500B2CD86 /* Trends.app */,
			);
			name = Products;
			sourceTree = "<group>";
		};
		8F0E938F260FFE7500B2CD86 /* Trends */ = {
			isa = PBXGroup;
			children = (
				8F0E9390260FFE7500B2CD86 /* TrendsApp.swift */,
				8F0E9392260FFE7500B2CD86 /* TrendingView.swift */,
				8F36CD76261105D80015C392 /* FilterTrends.swift */,
				8F22472F26100A0100162223 /* TrendFetcher.swift */,
				8F8F28F0261AB09700541127 /* Storage.swift */,
				8F224726261006F300162223 /* Models */,
				8FB7CED426224E2700422A0F /* Extensions */,
				8F224723261001DD00162223 /* trending.json */,
				8F36CD6D2610EA5A0015C392 /* locations.json */,
				8F0E9394260FFE7500B2CD86 /* Assets.xcassets */,
				8F0E9399260FFE7500B2CD86 /* Info.plist */,
				8F0E9396260FFE7500B2CD86 /* Preview Content */,
			);
			path = Trends;
			sourceTree = "<group>";
		};
		8F0E9396260FFE7500B2CD86 /* Preview Content */ = {
			isa = PBXGroup;
			children = (
				8F0E9397260FFE7500B2CD86 /* Preview Assets.xcassets */,
			);
			path = "Preview Content";
			sourceTree = "<group>";
		};
		8F224726261006F300162223 /* Models */ = {
			isa = PBXGroup;
			children = (
				8F2247292610070000162223 /* TrendingItem.swift */,
				8F2247272610070000162223 /* Location.swift */,
				8F2247282610070000162223 /* Trend.swift */,
				8F36CD6F2610EB480015C392 /* TrendingLocation.swift */,
				8F36CD702610EB480015C392 /* PlaceType.swift */,
			);
			name = Models;
			sourceTree = "<group>";
		};
		8F36CD522610DA780015C392 /* Frameworks */ = {
			isa = PBXGroup;
			children = (
			);
			name = Frameworks;
			sourceTree = "<group>";
		};
		8F8F28DA261AB05000541127 /* Products */ = {
			isa = PBXGroup;
			children = (
				8F8F28E2261AB05000541127 /* SwifteriOS.framework */,
				8F8F28E4261AB05000541127 /* SwifterMac.framework */,
				8F8F28E6261AB05000541127 /* SwifterDemoiOS.app */,
				8F8F28E8261AB05000541127 /* SwifterDemoMac.app */,
				8F8F28EA261AB05000541127 /* SwifterTests.xctest */,
			);
			name = Products;
			sourceTree = "<group>";
		};
		8FB7CED426224E2700422A0F /* Extensions */ = {
			isa = PBXGroup;
			children = (
				8FB7CECD26224DE000422A0F /* DateFormatter+Short.swift */,
			);
			name = Extensions;
			sourceTree = "<group>";
		};
/* End PBXGroup section */

/* Begin PBXNativeTarget section */
		8F0E938C260FFE7500B2CD86 /* Trends */ = {
			isa = PBXNativeTarget;
			buildConfigurationList = 8F0E939C260FFE7500B2CD86 /* Build configuration list for PBXNativeTarget "Trends" */;
			buildPhases = (
				8F0E9389260FFE7500B2CD86 /* Sources */,
				8F0E938A260FFE7500B2CD86 /* Frameworks */,
				8F0E938B260FFE7500B2CD86 /* Resources */,
				8F36CD552610DA780015C392 /* Embed Frameworks */,
			);
			buildRules = (
			);
			dependencies = (
			);
			name = Trends;
			productName = Trends;
			productReference = 8F0E938D260FFE7500B2CD86 /* Trends.app */;
			productType = "com.apple.product-type.application";
		};
/* End PBXNativeTarget section */

/* Begin PBXProject section */
		8F0E9385260FFE7500B2CD86 /* Project object */ = {
			isa = PBXProject;
			attributes = {
				LastSwiftUpdateCheck = 1240;
				LastUpgradeCheck = 1240;
				TargetAttributes = {
					8F0E938C260FFE7500B2CD86 = {
						CreatedOnToolsVersion = 12.4;
					};
				};
			};
			buildConfigurationList = 8F0E9388260FFE7500B2CD86 /* Build configuration list for PBXProject "Trends" */;
			compatibilityVersion = "Xcode 9.3";
			developmentRegion = en;
			hasScannedForEncodings = 0;
			knownRegions = (
				en,
				Base,
			);
			mainGroup = 8F0E9384260FFE7500B2CD86;
			productRefGroup = 8F0E938E260FFE7500B2CD86 /* Products */;
			projectDirPath = "";
			projectReferences = (
				{
					ProductGroup = 8F8F28DA261AB05000541127 /* Products */;
					ProjectRef = 8F8F28D9261AB05000541127 /* Swifter.xcodeproj */;
				},
			);
			projectRoot = "";
			targets = (
				8F0E938C260FFE7500B2CD86 /* Trends */,
			);
		};
/* End PBXProject section */

/* Begin PBXReferenceProxy section */
		8F8F28E2261AB05000541127 /* SwifteriOS.framework */ = {
			isa = PBXReferenceProxy;
			fileType = wrapper.framework;
			path = SwifteriOS.framework;
			remoteRef = 8F8F28E1261AB05000541127 /* PBXContainerItemProxy */;
			sourceTree = BUILT_PRODUCTS_DIR;
		};
		8F8F28E4261AB05000541127 /* SwifterMac.framework */ = {
			isa = PBXReferenceProxy;
			fileType = wrapper.framework;
			path = SwifterMac.framework;
			remoteRef = 8F8F28E3261AB05000541127 /* PBXContainerItemProxy */;
			sourceTree = BUILT_PRODUCTS_DIR;
		};
		8F8F28E6261AB05000541127 /* SwifterDemoiOS.app */ = {
			isa = PBXReferenceProxy;
			fileType = wrapper.application;
			path = SwifterDemoiOS.app;
			remoteRef = 8F8F28E5261AB05000541127 /* PBXContainerItemProxy */;
			sourceTree = BUILT_PRODUCTS_DIR;
		};
		8F8F28E8261AB05000541127 /* SwifterDemoMac.app */ = {
			isa = PBXReferenceProxy;
			fileType = wrapper.application;
			path = SwifterDemoMac.app;
			remoteRef = 8F8F28E7261AB05000541127 /* PBXContainerItemProxy */;
			sourceTree = BUILT_PRODUCTS_DIR;
		};
		8F8F28EA261AB05000541127 /* SwifterTests.xctest */ = {
			isa = PBXReferenceProxy;
			fileType = wrapper.cfbundle;
			path = SwifterTests.xctest;
			remoteRef = 8F8F28E9261AB05000541127 /* PBXContainerItemProxy */;
			sourceTree = BUILT_PRODUCTS_DIR;
		};
/* End PBXReferenceProxy section */

/* Begin PBXResourcesBuildPhase section */
		8F0E938B260FFE7500B2CD86 /* Resources */ = {
			isa = PBXResourcesBuildPhase;
			buildActionMask = 2147483647;
			files = (
				8F224724261001DD00162223 /* trending.json in Resources */,
				8F0E9398260FFE7500B2CD86 /* Preview Assets.xcassets in Resources */,
				8F36CD6E2610EA5A0015C392 /* locations.json in Resources */,
				8F0E9395260FFE7500B2CD86 /* Assets.xcassets in Resources */,
			);
			runOnlyForDeploymentPostprocessing = 0;
		};
/* End PBXResourcesBuildPhase section */

/* Begin PBXSourcesBuildPhase section */
		8F0E9389260FFE7500B2CD86 /* Sources */ = {
			isa = PBXSourcesBuildPhase;
			buildActionMask = 2147483647;
			files = (
				8F22472A2610070000162223 /* Location.swift in Sources */,
				8F36CD722610EB480015C392 /* PlaceType.swift in Sources */,
				8F22473026100A0100162223 /* TrendFetcher.swift in Sources */,
				8F0E9393260FFE7500B2CD86 /* TrendingView.swift in Sources */,
				8F0E9391260FFE7500B2CD86 /* TrendsApp.swift in Sources */,
				8F22472C2610070000162223 /* TrendingItem.swift in Sources */,
				8FB7CECE26224DE000422A0F /* DateFormatter+Short.swift in Sources */,
				8F36CD712610EB480015C392 /* TrendingLocation.swift in Sources */,
				8F36CD77261105D80015C392 /* FilterTrends.swift in Sources */,
				8F22472B2610070000162223 /* Trend.swift in Sources */,
				8F8F28F1261AB09700541127 /* Storage.swift in Sources */,
			);
			runOnlyForDeploymentPostprocessing = 0;
		};
/* End PBXSourcesBuildPhase section */

/* Begin XCBuildConfiguration section */
		8F0E939A260FFE7500B2CD86 /* Debug */ = {
			isa = XCBuildConfiguration;
			buildSettings = {
				ALWAYS_SEARCH_USER_PATHS = NO;
				CLANG_ANALYZER_NONNULL = YES;
				CLANG_ANALYZER_NUMBER_OBJECT_CONVERSION = YES_AGGRESSIVE;
				CLANG_CXX_LANGUAGE_STANDARD = "gnu++14";
				CLANG_CXX_LIBRARY = "libc++";
				CLANG_ENABLE_MODULES = YES;
				CLANG_ENABLE_OBJC_ARC = YES;
				CLANG_ENABLE_OBJC_WEAK = YES;
				CLANG_WARN_BLOCK_CAPTURE_AUTORELEASING = YES;
				CLANG_WARN_BOOL_CONVERSION = YES;
				CLANG_WARN_COMMA = YES;
				CLANG_WARN_CONSTANT_CONVERSION = YES;
				CLANG_WARN_DEPRECATED_OBJC_IMPLEMENTATIONS = YES;
				CLANG_WARN_DIRECT_OBJC_ISA_USAGE = YES_ERROR;
				CLANG_WARN_DOCUMENTATION_COMMENTS = YES;
				CLANG_WARN_EMPTY_BODY = YES;
				CLANG_WARN_ENUM_CONVERSION = YES;
				CLANG_WARN_INFINITE_RECURSION = YES;
				CLANG_WARN_INT_CONVERSION = YES;
				CLANG_WARN_NON_LITERAL_NULL_CONVERSION = YES;
				CLANG_WARN_OBJC_IMPLICIT_RETAIN_SELF = YES;
				CLANG_WARN_OBJC_LITERAL_CONVERSION = YES;
				CLANG_WARN_OBJC_ROOT_CLASS = YES_ERROR;
				CLANG_WARN_QUOTED_INCLUDE_IN_FRAMEWORK_HEADER = YES;
				CLANG_WARN_RANGE_LOOP_ANALYSIS = YES;
				CLANG_WARN_STRICT_PROTOTYPES = YES;
				CLANG_WARN_SUSPICIOUS_MOVE = YES;
				CLANG_WARN_UNGUARDED_AVAILABILITY = YES_AGGRESSIVE;
				CLANG_WARN_UNREACHABLE_CODE = YES;
				CLANG_WARN__DUPLICATE_METHOD_MATCH = YES;
				COPY_PHASE_STRIP = NO;
				DEBUG_INFORMATION_FORMAT = dwarf;
				ENABLE_STRICT_OBJC_MSGSEND = YES;
				ENABLE_TESTABILITY = YES;
				GCC_C_LANGUAGE_STANDARD = gnu11;
				GCC_DYNAMIC_NO_PIC = NO;
				GCC_NO_COMMON_BLOCKS = YES;
				GCC_OPTIMIZATION_LEVEL = 0;
				GCC_PREPROCESSOR_DEFINITIONS = (
					"DEBUG=1",
					"$(inherited)",
				);
				GCC_WARN_64_TO_32_BIT_CONVERSION = YES;
				GCC_WARN_ABOUT_RETURN_TYPE = YES_ERROR;
				GCC_WARN_UNDECLARED_SELECTOR = YES;
				GCC_WARN_UNINITIALIZED_AUTOS = YES_AGGRESSIVE;
				GCC_WARN_UNUSED_FUNCTION = YES;
				GCC_WARN_UNUSED_VARIABLE = YES;
				IPHONEOS_DEPLOYMENT_TARGET = 14.4;
				MTL_ENABLE_DEBUG_INFO = INCLUDE_SOURCE;
				MTL_FAST_MATH = YES;
				ONLY_ACTIVE_ARCH = YES;
				SDKROOT = iphoneos;
				SWIFT_ACTIVE_COMPILATION_CONDITIONS = DEBUG;
				SWIFT_OPTIMIZATION_LEVEL = "-Onone";
			};
			name = Debug;
		};
		8F0E939B260FFE7500B2CD86 /* Release */ = {
			isa = XCBuildConfiguration;
			buildSettings = {
				ALWAYS_SEARCH_USER_PATHS = NO;
				CLANG_ANALYZER_NONNULL = YES;
				CLANG_ANALYZER_NUMBER_OBJECT_CONVERSION = YES_AGGRESSIVE;
				CLANG_CXX_LANGUAGE_STANDARD = "gnu++14";
				CLANG_CXX_LIBRARY = "libc++";
				CLANG_ENABLE_MODULES = YES;
				CLANG_ENABLE_OBJC_ARC = YES;
				CLANG_ENABLE_OBJC_WEAK = YES;
				CLANG_WARN_BLOCK_CAPTURE_AUTORELEASING = YES;
				CLANG_WARN_BOOL_CONVERSION = YES;
				CLANG_WARN_COMMA = YES;
				CLANG_WARN_CONSTANT_CONVERSION = YES;
				CLANG_WARN_DEPRECATED_OBJC_IMPLEMENTATIONS = YES;
				CLANG_WARN_DIRECT_OBJC_ISA_USAGE = YES_ERROR;
				CLANG_WARN_DOCUMENTATION_COMMENTS = YES;
				CLANG_WARN_EMPTY_BODY = YES;
				CLANG_WARN_ENUM_CONVERSION = YES;
				CLANG_WARN_INFINITE_RECURSION = YES;
				CLANG_WARN_INT_CONVERSION = YES;
				CLANG_WARN_NON_LITERAL_NULL_CONVERSION = YES;
				CLANG_WARN_OBJC_IMPLICIT_RETAIN_SELF = YES;
				CLANG_WARN_OBJC_LITERAL_CONVERSION = YES;
				CLANG_WARN_OBJC_ROOT_CLASS = YES_ERROR;
				CLANG_WARN_QUOTED_INCLUDE_IN_FRAMEWORK_HEADER = YES;
				CLANG_WARN_RANGE_LOOP_ANALYSIS = YES;
				CLANG_WARN_STRICT_PROTOTYPES = YES;
				CLANG_WARN_SUSPICIOUS_MOVE = YES;
				CLANG_WARN_UNGUARDED_AVAILABILITY = YES_AGGRESSIVE;
				CLANG_WARN_UNREACHABLE_CODE = YES;
				CLANG_WARN__DUPLICATE_METHOD_MATCH = YES;
				COPY_PHASE_STRIP = NO;
				DEBUG_INFORMATION_FORMAT = "dwarf-with-dsym";
				ENABLE_NS_ASSERTIONS = NO;
				ENABLE_STRICT_OBJC_MSGSEND = YES;
				GCC_C_LANGUAGE_STANDARD = gnu11;
				GCC_NO_COMMON_BLOCKS = YES;
				GCC_WARN_64_TO_32_BIT_CONVERSION = YES;
				GCC_WARN_ABOUT_RETURN_TYPE = YES_ERROR;
				GCC_WARN_UNDECLARED_SELECTOR = YES;
				GCC_WARN_UNINITIALIZED_AUTOS = YES_AGGRESSIVE;
				GCC_WARN_UNUSED_FUNCTION = YES;
				GCC_WARN_UNUSED_VARIABLE = YES;
				IPHONEOS_DEPLOYMENT_TARGET = 14.4;
				MTL_ENABLE_DEBUG_INFO = NO;
				MTL_FAST_MATH = YES;
				SDKROOT = iphoneos;
				SWIFT_COMPILATION_MODE = wholemodule;
				SWIFT_OPTIMIZATION_LEVEL = "-O";
				VALIDATE_PRODUCT = YES;
			};
			name = Release;
		};
		8F0E939D260FFE7500B2CD86 /* Debug */ = {
			isa = XCBuildConfiguration;
			buildSettings = {
				ASSETCATALOG_COMPILER_APPICON_NAME = AppIcon;
				ASSETCATALOG_COMPILER_GLOBAL_ACCENT_COLOR_NAME = AccentColor;
				CODE_SIGN_IDENTITY = "Apple Development";
				CODE_SIGN_STYLE = Automatic;
				DEVELOPMENT_ASSET_PATHS = "\"Trends/Preview Content\"";
				DEVELOPMENT_TEAM = C3ZDRNN77Q;
				ENABLE_PREVIEWS = YES;
				INFOPLIST_FILE = Trends/Info.plist;
				IPHONEOS_DEPLOYMENT_TARGET = 14.0;
				LD_RUNPATH_SEARCH_PATHS = (
					"$(inherited)",
					"@executable_path/Frameworks",
				);
				PRODUCT_BUNDLE_IDENTIFIER = com.kjapps.SwiftUI.Trends2;
				PRODUCT_NAME = "$(TARGET_NAME)";
				PROVISIONING_PROFILE_SPECIFIER = "";
				SWIFT_VERSION = 5.0;
				TARGETED_DEVICE_FAMILY = "1,2";
			};
			name = Debug;
		};
		8F0E939E260FFE7500B2CD86 /* Release */ = {
			isa = XCBuildConfiguration;
			buildSettings = {
				ASSETCATALOG_COMPILER_APPICON_NAME = AppIcon;
				ASSETCATALOG_COMPILER_GLOBAL_ACCENT_COLOR_NAME = AccentColor;
				CODE_SIGN_IDENTITY = "Apple Development";
				CODE_SIGN_STYLE = Automatic;
				DEVELOPMENT_ASSET_PATHS = "\"Trends/Preview Content\"";
				DEVELOPMENT_TEAM = C3ZDRNN77Q;
				ENABLE_PREVIEWS = YES;
				INFOPLIST_FILE = Trends/Info.plist;
				IPHONEOS_DEPLOYMENT_TARGET = 14.0;
				LD_RUNPATH_SEARCH_PATHS = (
					"$(inherited)",
					"@executable_path/Frameworks",
				);
				PRODUCT_BUNDLE_IDENTIFIER = com.kjapps.SwiftUI.Trends2;
				PRODUCT_NAME = "$(TARGET_NAME)";
				PROVISIONING_PROFILE_SPECIFIER = "";
				SWIFT_VERSION = 5.0;
				TARGETED_DEVICE_FAMILY = "1,2";
			};
			name = Release;
		};
/* End XCBuildConfiguration section */

/* Begin XCConfigurationList section */
		8F0E9388260FFE7500B2CD86 /* Build configuration list for PBXProject "Trends" */ = {
			isa = XCConfigurationList;
			buildConfigurations = (
				8F0E939A260FFE7500B2CD86 /* Debug */,
				8F0E939B260FFE7500B2CD86 /* Release */,
			);
			defaultConfigurationIsVisible = 0;
			defaultConfigurationName = Release;
		};
		8F0E939C260FFE7500B2CD86 /* Build configuration list for PBXNativeTarget "Trends" */ = {
			isa = XCConfigurationList;
			buildConfigurations = (
				8F0E939D260FFE7500B2CD86 /* Debug */,
				8F0E939E260FFE7500B2CD86 /* Release */,
			);
			defaultConfigurationIsVisible = 0;
			defaultConfigurationName = Release;
		};
/* End XCConfigurationList section */
	};
	rootObject = 8F0E9385260FFE7500B2CD86 /* Project object */;
}
